
Microsoft Visual Studio Solution File, Format Version 12.00
# Visual Studio 2012
Project("{2150E333-8FDC-42A3-9474-1A3956D46DE8}") = ".nuget", ".nuget", "{13A0DC6A-8AE7-4514-A26D-D6B007144131}"
	ProjectSection(SolutionItems) = preProject
		.nuget\packages.config = .nuget\packages.config
	EndProjectSection
EndProject
Project("{FAE04EC0-301F-11D3-BF4B-00C04F79EFBC}") = "ConsoleApplication", "ConsoleApplication\ConsoleApplication.csproj", "{A7738690-20C7-46E4-A6E6-3F5EE6D3BA58}"
EndProject
Project("{FAE04EC0-301F-11D3-BF4B-00C04F79EFBC}") = "Tests", "Tests\Tests.csproj", "{339492D9-AB2C-45F7-88CD-DC37887D9FFB}"
EndProject
Global
	GlobalSection(SolutionConfigurationPlatforms) = preSolution
		Debug|Any CPU = Debug|Any CPU
		Release|Any CPU = Release|Any CPU
	EndGlobalSection
	GlobalSection(ProjectConfigurationPlatforms) = postSolution
		{A7738690-20C7-46E4-A6E6-3F5EE6D3BA58}.Debug|Any CPU.ActiveCfg = Debug|Any CPU
		{A7738690-20C7-46E4-A6E6-3F5EE6D3BA58}.Debug|Any CPU.Build.0 = Debug|Any CPU
		{A7738690-20C7-46E4-A6E6-3F5EE6D3BA58}.Release|Any CPU.ActiveCfg = Release|Any CPU
		{A7738690-20C7-46E4-A6E6-3F5EE6D3BA58}.Release|Any CPU.Build.0 = Release|Any CPU
		{339492D9-AB2C-45F7-88CD-DC37887D9FFB}.Debug|Any CPU.ActiveCfg = Debug|Any CPU
		{339492D9-AB2C-45F7-88CD-DC37887D9FFB}.Debug|Any CPU.Build.0 = Debug|Any CPU
		{339492D9-AB2C-45F7-88CD-DC37887D9FFB}.Release|Any CPU.ActiveCfg = Release|Any CPU
		{339492D9-AB2C-45F7-88CD-DC37887D9FFB}.Release|Any CPU.Build.0 = Release|Any CPU
	EndGlobalSection
	GlobalSection(SolutionProperties) = preSolution
		HideSolutionNode = FALSE
	EndGlobalSection
EndGlobal
